
Microsoft Visual Studio Solution File, Format Version 12.00
# Visual Studio 15
VisualStudioVersion = 15.0.28307.329
MinimumVisualStudioVersion = 10.0.40219.1
Project("{9A19103F-16F7-4668-BE54-9A1E7A4F7556}") = "Leanwork.Teste", "Leanwork.Teste\Leanwork.Teste.csproj", "{CDA4D05E-9F17-4E96-99A2-1AFB5F11D1E7}"
EndProject
Project("{FAE04EC0-301F-11D3-BF4B-00C04F79EFBC}") = "Leanwork.Dominio", "Leanwork.Dominio\Leanwork.Dominio.csproj", "{F4F316E6-626D-47E6-B84D-D7E6D36C96FE}"
EndProject
Global
	GlobalSection(SolutionConfigurationPlatforms) = preSolution
		Debug|Any CPU = Debug|Any CPU
		Release|Any CPU = Release|Any CPU
	EndGlobalSection
	GlobalSection(ProjectConfigurationPlatforms) = postSolution
		{CDA4D05E-9F17-4E96-99A2-1AFB5F11D1E7}.Debug|Any CPU.ActiveCfg = Debug|Any CPU
		{CDA4D05E-9F17-4E96-99A2-1AFB5F11D1E7}.Debug|Any CPU.Build.0 = Debug|Any CPU
		{CDA4D05E-9F17-4E96-99A2-1AFB5F11D1E7}.Release|Any CPU.ActiveCfg = Release|Any CPU
		{CDA4D05E-9F17-4E96-99A2-1AFB5F11D1E7}.Release|Any CPU.Build.0 = Release|Any CPU
		{F4F316E6-626D-47E6-B84D-D7E6D36C96FE}.Debug|Any CPU.ActiveCfg = Debug|Any CPU
		{F4F316E6-626D-47E6-B84D-D7E6D36C96FE}.Debug|Any CPU.Build.0 = Debug|Any CPU
		{F4F316E6-626D-47E6-B84D-D7E6D36C96FE}.Release|Any CPU.ActiveCfg = Release|Any CPU
		{F4F316E6-626D-47E6-B84D-D7E6D36C96FE}.Release|Any CPU.Build.0 = Release|Any CPU
	EndGlobalSection
	GlobalSection(SolutionProperties) = preSolution
		HideSolutionNode = FALSE
	EndGlobalSection
	GlobalSection(ExtensibilityGlobals) = postSolution
		SolutionGuid = {21CE130F-1FB3-43CC-B3C4-795A88F28E09}
	EndGlobalSection
EndGlobal
